
Microsoft Visual Studio Solution File, Format Version 12.00
# Visual Studio Version 17
VisualStudioVersion = 17.10.34902.84
MinimumVisualStudioVersion = 10.0.40219.1
Project("{FAE04EC0-301F-11D3-BF4B-00C04F79EFBC}") = "Bulky.DataAccess", "Bulky.DataAccess\Bulky.DataAccess.csproj", "{4799E76C-F47E-44B0-947F-4034C1144995}"
EndProject
Global
	GlobalSection(SolutionConfigurationPlatforms) = preSolution
		Debug|Any CPU = Debug|Any CPU
		Release|Any CPU = Release|Any CPU
	EndGlobalSection
	GlobalSection(ProjectConfigurationPlatforms) = postSolution
		{4799E76C-F47E-44B0-947F-4034C1144995}.Debug|Any CPU.ActiveCfg = Debug|Any CPU
		{4799E76C-F47E-44B0-947F-4034C1144995}.Debug|Any CPU.Build.0 = Debug|Any CPU
		{4799E76C-F47E-44B0-947F-4034C1144995}.Release|Any CPU.ActiveCfg = Release|Any CPU
		{4799E76C-F47E-44B0-947F-4034C1144995}.Release|Any CPU.Build.0 = Release|Any CPU
	EndGlobalSection
	GlobalSection(SolutionProperties) = preSolution
		HideSolutionNode = FALSE
	EndGlobalSection
	GlobalSection(ExtensibilityGlobals) = postSolution
		SolutionGuid = {FDBFBD69-7244-430B-A66A-93BBB2110386}
	EndGlobalSection
EndGlobal
